dependencies:
- name: keycloak
  repository: https://charts.bitnami.com/bitnami
  version: 13.0.1
- name: kafka
  repository: https://charts.bitnami.com/bitnami
  version: 20.0.4
- name: postgresql
  repository: https://charts.bitnami.com/bitnami
  version: 12.1.9
digest: sha256:f365b629cbdde7f8743b3039f033fc5fad2dd59d0c1c20d9b588698fb647a5b9
generated: "2023-01-15T02:21:46.9448507-03:00"
