dependencies:
- name: keycloak
  repository: https://charts.bitnami.com/bitnami
  version: 9.6.9
- name: kafka
  repository: https://charts.bitnami.com/bitnami
  version: 18.0.2
- name: postgresql
  repository: https://charts.bitnami.com/bitnami
  version: 11.7.4
digest: sha256:7fab96a1916fe1c751dad4fd2c8612c3c2cdf70e79fb70e73e5c6f1d71a62ff2
generated: "2022-08-20T03:12:05.8772948-03:00"
